
Microsoft Visual Studio Solution File, Format Version 12.00
# Visual Studio Version 17
VisualStudioVersion = 17.4.33213.308
MinimumVisualStudioVersion = 10.0.40219.1
Project("{FAE04EC0-301F-11D3-BF4B-00C04F79EFBC}") = "RealEstate_Dapper_Api", "RealEstate_Dapper_Api\RealEstate_Dapper_Api.csproj", "{3385ED74-2AD6-402F-B95E-95EEF7A14655}"
EndProject
Project("{FAE04EC0-301F-11D3-BF4B-00C04F79EFBC}") = "RealEstate_Dapper_UI", "RealEstate_Dapper_UI\RealEstate_Dapper_UI.csproj", "{7378748B-F055-40B2-A663-8071A856710F}"
EndProject
Global
	GlobalSection(SolutionConfigurationPlatforms) = preSolution
		Debug|Any CPU = Debug|Any CPU
		Release|Any CPU = Release|Any CPU
	EndGlobalSection
	GlobalSection(ProjectConfigurationPlatforms) = postSolution
		{3385ED74-2AD6-402F-B95E-95EEF7A14655}.Debug|Any CPU.ActiveCfg = Debug|Any CPU
		{3385ED74-2AD6-402F-B95E-95EEF7A14655}.Debug|Any CPU.Build.0 = Debug|Any CPU
		{3385ED74-2AD6-402F-B95E-95EEF7A14655}.Release|Any CPU.ActiveCfg = Release|Any CPU
		{3385ED74-2AD6-402F-B95E-95EEF7A14655}.Release|Any CPU.Build.0 = Release|Any CPU
		{7378748B-F055-40B2-A663-8071A856710F}.Debug|Any CPU.ActiveCfg = Debug|Any CPU
		{7378748B-F055-40B2-A663-8071A856710F}.Debug|Any CPU.Build.0 = Debug|Any CPU
		{7378748B-F055-40B2-A663-8071A856710F}.Release|Any CPU.ActiveCfg = Release|Any CPU
		{7378748B-F055-40B2-A663-8071A856710F}.Release|Any CPU.Build.0 = Release|Any CPU
	EndGlobalSection
	GlobalSection(SolutionProperties) = preSolution
		HideSolutionNode = FALSE
	EndGlobalSection
	GlobalSection(ExtensibilityGlobals) = postSolution
		SolutionGuid = {6DBCE9F9-A27E-4056-92BB-2398B0DEA2A7}
	EndGlobalSection
EndGlobal
